// !$*UTF8*$!
{
	archiveVersion = 1;
	classes = {
	};
	objectVersion = 56;
	objects = {

/* Begin PBXBuildFile section */
		2A3E11D02BE62C9100DA256D /* File.swift in Sources */ = {isa = PBXBuildFile; fileRef = 2A3E11CF2BE62C9100DA256D /* File.swift */; };
		63197CB42A6F98F50020AE44 /* DevOpsPractical7App.swift in Sources */ = {isa = PBXBuildFile; fileRef = 63197CB32A6F98F50020AE44 /* DevOpsPractical7App.swift */; };
		63197CB62A6F98F50020AE44 /* ContactListView.swift in Sources */ = {isa = PBXBuildFile; fileRef = 63197CB52A6F98F50020AE44 /* ContactListView.swift */; };
		63197CB82A6F98F60020AE44 /* Assets.xcassets in Resources */ = {isa = PBXBuildFile; fileRef = 63197CB72A6F98F60020AE44 /* Assets.xcassets */; };
		63197CBB2A6F98F60020AE44 /* Preview Assets.xcassets in Resources */ = {isa = PBXBuildFile; fileRef = 63197CBA2A6F98F60020AE44 /* Preview Assets.xcassets */; };
		63197CCC2A6FBDE30020AE44 /* ContactModel.swift in Sources */ = {isa = PBXBuildFile; fileRef = 63197CCB2A6FBDE30020AE44 /* ContactModel.swift */; };
		63197CCE2A6FBE030020AE44 /* ContactListViewModel.swift in Sources */ = {isa = PBXBuildFile; fileRef = 63197CCD2A6FBE030020AE44 /* ContactListViewModel.swift */; };
		63197CD02A6FBFD00020AE44 /* GoogleService-Info.plist in Resources */ = {isa = PBXBuildFile; fileRef = 63197CCF2A6FBFD00020AE44 /* GoogleService-Info.plist */; };
		63197CD32A6FC7AF0020AE44 /* FirebaseFirestore in Frameworks */ = {isa = PBXBuildFile; productRef = 63197CD22A6FC7AF0020AE44 /* FirebaseFirestore */; };
		63197CD52A6FC7AF0020AE44 /* FirebaseFirestoreSwift in Frameworks */ = {isa = PBXBuildFile; productRef = 63197CD42A6FC7AF0020AE44 /* FirebaseFirestoreSwift */; };
		63197CD72A6FC7AF0020AE44 /* FirebaseStorage in Frameworks */ = {isa = PBXBuildFile; productRef = 63197CD62A6FC7AF0020AE44 /* FirebaseStorage */; };
		63197CDB2A6FCA350020AE44 /* ContactDetailsView.swift in Sources */ = {isa = PBXBuildFile; fileRef = 63197CDA2A6FCA350020AE44 /* ContactDetailsView.swift */; };
		63197CDE2A6FCAAF0020AE44 /* AddContactView.swift in Sources */ = {isa = PBXBuildFile; fileRef = 63197CDD2A6FCAAF0020AE44 /* AddContactView.swift */; };
		63197CE02A6FCBA80020AE44 /* AddContactViewModel.swift in Sources */ = {isa = PBXBuildFile; fileRef = 63197CDF2A6FCBA80020AE44 /* AddContactViewModel.swift */; };
		63701C5A2A78BD370078B779 /* Extension+UIImage.swift in Sources */ = {isa = PBXBuildFile; fileRef = 63701C592A78BD370078B779 /* Extension+UIImage.swift */; };
		63701C5D2A78BDD70078B779 /* SDWebImageSwiftUI in Frameworks */ = {isa = PBXBuildFile; productRef = 63701C5C2A78BDD70078B779 /* SDWebImageSwiftUI */; };
/* End PBXBuildFile section */

/* Begin PBXFileReference section */
		2A3E11CF2BE62C9100DA256D /* File.swift */ = {isa = PBXFileReference; lastKnownFileType = sourcecode.swift; path = File.swift; sourceTree = "<group>"; };
		63197CB02A6F98F50020AE44 /* DevOpsPractical7.app */ = {isa = PBXFileReference; explicitFileType = wrapper.application; includeInIndex = 0; path = DevOpsPractical7.app; sourceTree = BUILT_PRODUCTS_DIR; };
		63197CB32A6F98F50020AE44 /* DevOpsPractical7App.swift */ = {isa = PBXFileReference; lastKnownFileType = sourcecode.swift; path = DevOpsPractical7App.swift; sourceTree = "<group>"; };
		63197CB52A6F98F50020AE44 /* ContactListView.swift */ = {isa = PBXFileReference; lastKnownFileType = sourcecode.swift; path = ContactListView.swift; sourceTree = "<group>"; };
		63197CB72A6F98F60020AE44 /* Assets.xcassets */ = {isa = PBXFileReference; lastKnownFileType = folder.assetcatalog; path = Assets.xcassets; sourceTree = "<group>"; };
		63197CBA2A6F98F60020AE44 /* Preview Assets.xcassets */ = {isa = PBXFileReference; lastKnownFileType = folder.assetcatalog; path = "Preview Assets.xcassets"; sourceTree = "<group>"; };
		63197CCB2A6FBDE30020AE44 /* ContactModel.swift */ = {isa = PBXFileReference; lastKnownFileType = sourcecode.swift; path = ContactModel.swift; sourceTree = "<group>"; };
		63197CCD2A6FBE030020AE44 /* ContactListViewModel.swift */ = {isa = PBXFileReference; lastKnownFileType = sourcecode.swift; path = ContactListViewModel.swift; sourceTree = "<group>"; };
		63197CCF2A6FBFD00020AE44 /* GoogleService-Info.plist */ = {isa = PBXFileReference; fileEncoding = 4; lastKnownFileType = text.plist.xml; path = "GoogleService-Info.plist"; sourceTree = "<group>"; };
		63197CDA2A6FCA350020AE44 /* ContactDetailsView.swift */ = {isa = PBXFileReference; lastKnownFileType = sourcecode.swift; path = ContactDetailsView.swift; sourceTree = "<group>"; };
		63197CDD2A6FCAAF0020AE44 /* AddContactView.swift */ = {isa = PBXFileReference; lastKnownFileType = sourcecode.swift; path = AddContactView.swift; sourceTree = "<group>"; };
		63197CDF2A6FCBA80020AE44 /* AddContactViewModel.swift */ = {isa = PBXFileReference; lastKnownFileType = sourcecode.swift; path = AddContactViewModel.swift; sourceTree = "<group>"; };
		63701C592A78BD370078B779 /* Extension+UIImage.swift */ = {isa = PBXFileReference; lastKnownFileType = sourcecode.swift; path = "Extension+UIImage.swift"; sourceTree = "<group>"; };
/* End PBXFileReference section */

/* Begin PBXFrameworksBuildPhase section */
		63197CAD2A6F98F50020AE44 /* Frameworks */ = {
			isa = PBXFrameworksBuildPhase;
			buildActionMask = 2147483647;
			files = (
				63701C5D2A78BDD70078B779 /* SDWebImageSwiftUI in Frameworks */,
				63197CD32A6FC7AF0020AE44 /* FirebaseFirestore in Frameworks */,
				63197CD52A6FC7AF0020AE44 /* FirebaseFirestoreSwift in Frameworks */,
				63197CD72A6FC7AF0020AE44 /* FirebaseStorage in Frameworks */,
			);
			runOnlyForDeploymentPostprocessing = 0;
		};
/* End PBXFrameworksBuildPhase section */

/* Begin PBXGroup section */
		63197CA72A6F98F50020AE44 = {
			isa = PBXGroup;
			children = (
				63197CB22A6F98F50020AE44 /* DevOpsPractical7 */,
				63197CB12A6F98F50020AE44 /* Products */,
			);
			sourceTree = "<group>";
		};
		63197CB12A6F98F50020AE44 /* Products */ = {
			isa = PBXGroup;
			children = (
				63197CB02A6F98F50020AE44 /* DevOpsPractical7.app */,
			);
			name = Products;
			sourceTree = "<group>";
		};
		63197CB22A6F98F50020AE44 /* DevOpsPractical7 */ = {
			isa = PBXGroup;
			children = (
				63197CB32A6F98F50020AE44 /* DevOpsPractical7App.swift */,
				2A3E11CF2BE62C9100DA256D /* File.swift */,
				63197CCF2A6FBFD00020AE44 /* GoogleService-Info.plist */,
				63701C582A78BD210078B779 /* Extension */,
				63197CCA2A6FBDBF0020AE44 /* Views */,
				63197CB72A6F98F60020AE44 /* Assets.xcassets */,
				63197CB92A6F98F60020AE44 /* Preview Content */,
			);
			path = DevOpsPractical7;
			sourceTree = "<group>";
		};
		63197CB92A6F98F60020AE44 /* Preview Content */ = {
			isa = PBXGroup;
			children = (
				63197CBA2A6F98F60020AE44 /* Preview Assets.xcassets */,
			);
			path = "Preview Content";
			sourceTree = "<group>";
		};
		63197CCA2A6FBDBF0020AE44 /* Views */ = {
			isa = PBXGroup;
			children = (
				63197CD82A6FCA150020AE44 /* ContactList */,
				63197CD92A6FCA230020AE44 /* ContactDetails */,
				63197CDC2A6FCA940020AE44 /* AddContactView */,
			);
			path = Views;
			sourceTree = "<group>";
		};
		63197CD82A6FCA150020AE44 /* ContactList */ = {
			isa = PBXGroup;
			children = (
				63197CCB2A6FBDE30020AE44 /* ContactModel.swift */,
				63197CB52A6F98F50020AE44 /* ContactListView.swift */,
				63197CCD2A6FBE030020AE44 /* ContactListViewModel.swift */,
			);
			path = ContactList;
			sourceTree = "<group>";
		};
		63197CD92A6FCA230020AE44 /* ContactDetails */ = {
			isa = PBXGroup;
			children = (
				63197CDA2A6FCA350020AE44 /* ContactDetailsView.swift */,
			);
			path = ContactDetails;
			sourceTree = "<group>";
		};
		63197CDC2A6FCA940020AE44 /* AddContactView */ = {
			isa = PBXGroup;
			children = (
				63197CDD2A6FCAAF0020AE44 /* AddContactView.swift */,
				63197CDF2A6FCBA80020AE44 /* AddContactViewModel.swift */,
			);
			path = AddContactView;
			sourceTree = "<group>";
		};
		63701C582A78BD210078B779 /* Extension */ = {
			isa = PBXGroup;
			children = (
				63701C592A78BD370078B779 /* Extension+UIImage.swift */,
			);
			path = Extension;
			sourceTree = "<group>";
		};
/* End PBXGroup section */

/* Begin PBXNativeTarget section */
		63197CAF2A6F98F50020AE44 /* DevOpsPractical7 */ = {
			isa = PBXNativeTarget;
			buildConfigurationList = 63197CBE2A6F98F60020AE44 /* Build configuration list for PBXNativeTarget "DevOpsPractical7" */;
			buildPhases = (
				63197CAC2A6F98F50020AE44 /* Sources */,
				63197CAD2A6F98F50020AE44 /* Frameworks */,
				63197CAE2A6F98F50020AE44 /* Resources */,
			);
			buildRules = (
			);
			dependencies = (
			);
			name = DevOpsPractical7;
			packageProductDependencies = (
				63197CD22A6FC7AF0020AE44 /* FirebaseFirestore */,
				63197CD42A6FC7AF0020AE44 /* FirebaseFirestoreSwift */,
				63197CD62A6FC7AF0020AE44 /* FirebaseStorage */,
				63701C5C2A78BDD70078B779 /* SDWebImageSwiftUI */,
			);
			productName = Practical27;
			productReference = 63197CB02A6F98F50020AE44 /* DevOpsPractical7.app */;
			productType = "com.apple.product-type.application";
		};
/* End PBXNativeTarget section */

/* Begin PBXProject section */
		63197CA82A6F98F50020AE44 /* Project object */ = {
			isa = PBXProject;
			attributes = {
				BuildIndependentTargetsInParallel = 1;
				LastSwiftUpdateCheck = 1430;
				LastUpgradeCheck = 1430;
				TargetAttributes = {
					63197CAF2A6F98F50020AE44 = {
						CreatedOnToolsVersion = 14.3.1;
					};
				};
			};
			buildConfigurationList = 63197CAB2A6F98F50020AE44 /* Build configuration list for PBXProject "DevOpsPractical7" */;
			compatibilityVersion = "Xcode 14.0";
			developmentRegion = en;
			hasScannedForEncodings = 0;
			knownRegions = (
				en,
				Base,
			);
			mainGroup = 63197CA72A6F98F50020AE44;
			packageReferences = (
				63197CD12A6FC7AF0020AE44 /* XCRemoteSwiftPackageReference "firebase-ios-sdk" */,
				63701C5B2A78BDD70078B779 /* XCRemoteSwiftPackageReference "SDWebImageSwiftUI" */,
			);
			productRefGroup = 63197CB12A6F98F50020AE44 /* Products */;
			projectDirPath = "";
			projectRoot = "";
			targets = (
				63197CAF2A6F98F50020AE44 /* DevOpsPractical7 */,
			);
		};
/* End PBXProject section */

/* Begin PBXResourcesBuildPhase section */
		63197CAE2A6F98F50020AE44 /* Resources */ = {
			isa = PBXResourcesBuildPhase;
			buildActionMask = 2147483647;
			files = (
				63197CBB2A6F98F60020AE44 /* Preview Assets.xcassets in Resources */,
				63197CB82A6F98F60020AE44 /* Assets.xcassets in Resources */,
				63197CD02A6FBFD00020AE44 /* GoogleService-Info.plist in Resources */,
			);
			runOnlyForDeploymentPostprocessing = 0;
		};
/* End PBXResourcesBuildPhase section */

/* Begin PBXSourcesBuildPhase section */
		63197CAC2A6F98F50020AE44 /* Sources */ = {
			isa = PBXSourcesBuildPhase;
			buildActionMask = 2147483647;
			files = (
				63197CE02A6FCBA80020AE44 /* AddContactViewModel.swift in Sources */,
				63197CDB2A6FCA350020AE44 /* ContactDetailsView.swift in Sources */,
				63197CCE2A6FBE030020AE44 /* ContactListViewModel.swift in Sources */,
				63701C5A2A78BD370078B779 /* Extension+UIImage.swift in Sources */,
				63197CB62A6F98F50020AE44 /* ContactListView.swift in Sources */,
				63197CDE2A6FCAAF0020AE44 /* AddContactView.swift in Sources */,
				63197CCC2A6FBDE30020AE44 /* ContactModel.swift in Sources */,
				2A3E11D02BE62C9100DA256D /* File.swift in Sources */,
				63197CB42A6F98F50020AE44 /* DevOpsPractical7App.swift in Sources */,
			);
			runOnlyForDeploymentPostprocessing = 0;
		};
/* End PBXSourcesBuildPhase section */

/* Begin XCBuildConfiguration section */
		63197CBC2A6F98F60020AE44 /* Debug */ = {
			isa = XCBuildConfiguration;
			buildSettings = {
				ALWAYS_SEARCH_USER_PATHS = NO;
				CLANG_ANALYZER_NONNULL = YES;
				CLANG_ANALYZER_NUMBER_OBJECT_CONVERSION = YES_AGGRESSIVE;
				CLANG_CXX_LANGUAGE_STANDARD = "gnu++20";
				CLANG_ENABLE_MODULES = YES;
				CLANG_ENABLE_OBJC_ARC = YES;
				CLANG_ENABLE_OBJC_WEAK = YES;
				CLANG_WARN_BLOCK_CAPTURE_AUTORELEASING = YES;
				CLANG_WARN_BOOL_CONVERSION = YES;
				CLANG_WARN_COMMA = YES;
				CLANG_WARN_CONSTANT_CONVERSION = YES;
				CLANG_WARN_DEPRECATED_OBJC_IMPLEMENTATIONS = YES;
				CLANG_WARN_DIRECT_OBJC_ISA_USAGE = YES_ERROR;
				CLANG_WARN_DOCUMENTATION_COMMENTS = YES;
				CLANG_WARN_EMPTY_BODY = YES;
				CLANG_WARN_ENUM_CONVERSION = YES;
				CLANG_WARN_INFINITE_RECURSION = YES;
				CLANG_WARN_INT_CONVERSION = YES;
				CLANG_WARN_NON_LITERAL_NULL_CONVERSION = YES;
				CLANG_WARN_OBJC_IMPLICIT_RETAIN_SELF = YES;
				CLANG_WARN_OBJC_LITERAL_CONVERSION = YES;
				CLANG_WARN_OBJC_ROOT_CLASS = YES_ERROR;
				CLANG_WARN_QUOTED_INCLUDE_IN_FRAMEWORK_HEADER = YES;
				CLANG_WARN_RANGE_LOOP_ANALYSIS = YES;
				CLANG_WARN_STRICT_PROTOTYPES = YES;
				CLANG_WARN_SUSPICIOUS_MOVE = YES;
				CLANG_WARN_UNGUARDED_AVAILABILITY = YES_AGGRESSIVE;
				CLANG_WARN_UNREACHABLE_CODE = YES;
				CLANG_WARN__DUPLICATE_METHOD_MATCH = YES;
				COPY_PHASE_STRIP = NO;
				DEBUG_INFORMATION_FORMAT = dwarf;
				ENABLE_STRICT_OBJC_MSGSEND = YES;
				ENABLE_TESTABILITY = YES;
				GCC_C_LANGUAGE_STANDARD = gnu11;
				GCC_DYNAMIC_NO_PIC = NO;
				GCC_NO_COMMON_BLOCKS = YES;
				GCC_OPTIMIZATION_LEVEL = 0;
				GCC_PREPROCESSOR_DEFINITIONS = (
					"DEBUG=1",
					"$(inherited)",
				);
				GCC_WARN_64_TO_32_BIT_CONVERSION = YES;
				GCC_WARN_ABOUT_RETURN_TYPE = YES_ERROR;
				GCC_WARN_UNDECLARED_SELECTOR = YES;
				GCC_WARN_UNINITIALIZED_AUTOS = YES_AGGRESSIVE;
				GCC_WARN_UNUSED_FUNCTION = YES;
				GCC_WARN_UNUSED_VARIABLE = YES;
				IPHONEOS_DEPLOYMENT_TARGET = 16.4;
				MTL_ENABLE_DEBUG_INFO = INCLUDE_SOURCE;
				MTL_FAST_MATH = YES;
				ONLY_ACTIVE_ARCH = YES;
				SDKROOT = iphoneos;
				SWIFT_ACTIVE_COMPILATION_CONDITIONS = DEBUG;
				SWIFT_OPTIMIZATION_LEVEL = "-Onone";
			};
			name = Debug;
		};
		63197CBD2A6F98F60020AE44 /* Release */ = {
			isa = XCBuildConfiguration;
			buildSettings = {
				ALWAYS_SEARCH_USER_PATHS = NO;
				CLANG_ANALYZER_NONNULL = YES;
				CLANG_ANALYZER_NUMBER_OBJECT_CONVERSION = YES_AGGRESSIVE;
				CLANG_CXX_LANGUAGE_STANDARD = "gnu++20";
				CLANG_ENABLE_MODULES = YES;
				CLANG_ENABLE_OBJC_ARC = YES;
				CLANG_ENABLE_OBJC_WEAK = YES;
				CLANG_WARN_BLOCK_CAPTURE_AUTORELEASING = YES;
				CLANG_WARN_BOOL_CONVERSION = YES;
				CLANG_WARN_COMMA = YES;
				CLANG_WARN_CONSTANT_CONVERSION = YES;
				CLANG_WARN_DEPRECATED_OBJC_IMPLEMENTATIONS = YES;
				CLANG_WARN_DIRECT_OBJC_ISA_USAGE = YES_ERROR;
				CLANG_WARN_DOCUMENTATION_COMMENTS = YES;
				CLANG_WARN_EMPTY_BODY = YES;
				CLANG_WARN_ENUM_CONVERSION = YES;
				CLANG_WARN_INFINITE_RECURSION = YES;
				CLANG_WARN_INT_CONVERSION = YES;
				CLANG_WARN_NON_LITERAL_NULL_CONVERSION = YES;
				CLANG_WARN_OBJC_IMPLICIT_RETAIN_SELF = YES;
				CLANG_WARN_OBJC_LITERAL_CONVERSION = YES;
				CLANG_WARN_OBJC_ROOT_CLASS = YES_ERROR;
				CLANG_WARN_QUOTED_INCLUDE_IN_FRAMEWORK_HEADER = YES;
				CLANG_WARN_RANGE_LOOP_ANALYSIS = YES;
				CLANG_WARN_STRICT_PROTOTYPES = YES;
				CLANG_WARN_SUSPICIOUS_MOVE = YES;
				CLANG_WARN_UNGUARDED_AVAILABILITY = YES_AGGRESSIVE;
				CLANG_WARN_UNREACHABLE_CODE = YES;
				CLANG_WARN__DUPLICATE_METHOD_MATCH = YES;
				COPY_PHASE_STRIP = NO;
				DEBUG_INFORMATION_FORMAT = "dwarf-with-dsym";
				ENABLE_NS_ASSERTIONS = NO;
				ENABLE_STRICT_OBJC_MSGSEND = YES;
				GCC_C_LANGUAGE_STANDARD = gnu11;
				GCC_NO_COMMON_BLOCKS = YES;
				GCC_WARN_64_TO_32_BIT_CONVERSION = YES;
				GCC_WARN_ABOUT_RETURN_TYPE = YES_ERROR;
				GCC_WARN_UNDECLARED_SELECTOR = YES;
				GCC_WARN_UNINITIALIZED_AUTOS = YES_AGGRESSIVE;
				GCC_WARN_UNUSED_FUNCTION = YES;
				GCC_WARN_UNUSED_VARIABLE = YES;
				IPHONEOS_DEPLOYMENT_TARGET = 16.4;
				MTL_ENABLE_DEBUG_INFO = NO;
				MTL_FAST_MATH = YES;
				SDKROOT = iphoneos;
				SWIFT_COMPILATION_MODE = wholemodule;
				SWIFT_OPTIMIZATION_LEVEL = "-O";
				VALIDATE_PRODUCT = YES;
			};
			name = Release;
		};
		63197CBF2A6F98F60020AE44 /* Debug */ = {
			isa = XCBuildConfiguration;
			buildSettings = {
				ASSETCATALOG_COMPILER_APPICON_NAME = AppIcon;
				ASSETCATALOG_COMPILER_GLOBAL_ACCENT_COLOR_NAME = AccentColor;
				CODE_SIGN_STYLE = Automatic;
				CURRENT_PROJECT_VERSION = 1;
				DEVELOPMENT_ASSET_PATHS = "\"Practical27/Preview Content\"";
				ENABLE_PREVIEWS = YES;
				GENERATE_INFOPLIST_FILE = YES;
				INFOPLIST_KEY_UIApplicationSceneManifest_Generation = YES;
				INFOPLIST_KEY_UIApplicationSupportsIndirectInputEvents = YES;
				INFOPLIST_KEY_UILaunchScreen_Generation = YES;
				INFOPLIST_KEY_UISupportedInterfaceOrientations_iPad = "UIInterfaceOrientationPortrait UIInterfaceOrientationPortraitUpsideDown UIInterfaceOrientationLandscapeLeft UIInterfaceOrientationLandscapeRight";
				INFOPLIST_KEY_UISupportedInterfaceOrientations_iPhone = "UIInterfaceOrientationPortrait UIInterfaceOrientationLandscapeLeft UIInterfaceOrientationLandscapeRight";
				LD_RUNPATH_SEARCH_PATHS = (
					"$(inherited)",
					"@executable_path/Frameworks",
				);
				MARKETING_VERSION = 1.0;
				PRODUCT_BUNDLE_IDENTIFIER = com.dk.DevOpsPractical7;
				PRODUCT_NAME = "$(TARGET_NAME)";
				SWIFT_EMIT_LOC_STRINGS = YES;
				SWIFT_VERSION = 5.0;
				TARGETED_DEVICE_FAMILY = "1,2";
			};
			name = Debug;
		};
		63197CC02A6F98F60020AE44 /* Release */ = {
			isa = XCBuildConfiguration;
			buildSettings = {
				ASSETCATALOG_COMPILER_APPICON_NAME = AppIcon;
				ASSETCATALOG_COMPILER_GLOBAL_ACCENT_COLOR_NAME = AccentColor;
				CODE_SIGN_STYLE = Automatic;
				CURRENT_PROJECT_VERSION = 1;
				DEVELOPMENT_ASSET_PATHS = "\"Practical27/Preview Content\"";
				ENABLE_PREVIEWS = YES;
				GENERATE_INFOPLIST_FILE = YES;
				INFOPLIST_KEY_UIApplicationSceneManifest_Generation = YES;
				INFOPLIST_KEY_UIApplicationSupportsIndirectInputEvents = YES;
				INFOPLIST_KEY_UILaunchScreen_Generation = YES;
				INFOPLIST_KEY_UISupportedInterfaceOrientations_iPad = "UIInterfaceOrientationPortrait UIInterfaceOrientationPortraitUpsideDown UIInterfaceOrientationLandscapeLeft UIInterfaceOrientationLandscapeRight";
				INFOPLIST_KEY_UISupportedInterfaceOrientations_iPhone = "UIInterfaceOrientationPortrait UIInterfaceOrientationLandscapeLeft UIInterfaceOrientationLandscapeRight";
				LD_RUNPATH_SEARCH_PATHS = (
					"$(inherited)",
					"@executable_path/Frameworks",
				);
				MARKETING_VERSION = 1.0;
				PRODUCT_BUNDLE_IDENTIFIER = com.dk.DevOpsPractical7;
				PRODUCT_NAME = "$(TARGET_NAME)";
				SWIFT_EMIT_LOC_STRINGS = YES;
				SWIFT_VERSION = 5.0;
				TARGETED_DEVICE_FAMILY = "1,2";
			};
			name = Release;
		};
/* End XCBuildConfiguration section */

/* Begin XCConfigurationList section */
		63197CAB2A6F98F50020AE44 /* Build configuration list for PBXProject "DevOpsPractical7" */ = {
			isa = XCConfigurationList;
			buildConfigurations = (
				63197CBC2A6F98F60020AE44 /* Debug */,
				63197CBD2A6F98F60020AE44 /* Release */,
			);
			defaultConfigurationIsVisible = 0;
			defaultConfigurationName = Release;
		};
		63197CBE2A6F98F60020AE44 /* Build configuration list for PBXNativeTarget "DevOpsPractical7" */ = {
			isa = XCConfigurationList;
			buildConfigurations = (
				63197CBF2A6F98F60020AE44 /* Debug */,
				63197CC02A6F98F60020AE44 /* Release */,
			);
			defaultConfigurationIsVisible = 0;
			defaultConfigurationName = Release;
		};
/* End XCConfigurationList section */

/* Begin XCRemoteSwiftPackageReference section */
		63197CD12A6FC7AF0020AE44 /* XCRemoteSwiftPackageReference "firebase-ios-sdk" */ = {
			isa = XCRemoteSwiftPackageReference;
			repositoryURL = "https://github.com/firebase/firebase-ios-sdk.git";
			requirement = {
				kind = upToNextMajorVersion;
				minimumVersion = 10.0.0;
			};
		};
		63701C5B2A78BDD70078B779 /* XCRemoteSwiftPackageReference "SDWebImageSwiftUI" */ = {
			isa = XCRemoteSwiftPackageReference;
			repositoryURL = "https://github.com/SDWebImage/SDWebImageSwiftUI.git";
			requirement = {
				kind = upToNextMajorVersion;
				minimumVersion = 2.0.0;
			};
		};
/* End XCRemoteSwiftPackageReference section */

/* Begin XCSwiftPackageProductDependency section */
		63197CD22A6FC7AF0020AE44 /* FirebaseFirestore */ = {
			isa = XCSwiftPackageProductDependency;
			package = 63197CD12A6FC7AF0020AE44 /* XCRemoteSwiftPackageReference "firebase-ios-sdk" */;
			productName = FirebaseFirestore;
		};
		63197CD42A6FC7AF0020AE44 /* FirebaseFirestoreSwift */ = {
			isa = XCSwiftPackageProductDependency;
			package = 63197CD12A6FC7AF0020AE44 /* XCRemoteSwiftPackageReference "firebase-ios-sdk" */;
			productName = FirebaseFirestoreSwift;
		};
		63197CD62A6FC7AF0020AE44 /* FirebaseStorage */ = {
			isa = XCSwiftPackageProductDependency;
			package = 63197CD12A6FC7AF0020AE44 /* XCRemoteSwiftPackageReference "firebase-ios-sdk" */;
			productName = FirebaseStorage;
		};
		63701C5C2A78BDD70078B779 /* SDWebImageSwiftUI */ = {
			isa = XCSwiftPackageProductDependency;
			package = 63701C5B2A78BDD70078B779 /* XCRemoteSwiftPackageReference "SDWebImageSwiftUI" */;
			productName = SDWebImageSwiftUI;
		};
/* End XCSwiftPackageProductDependency section */
	};
	rootObject = 63197CA82A6F98F50020AE44 /* Project object */;
}
